
Microsoft Visual Studio Solution File, Format Version 12.00
# Visual Studio 2013
VisualStudioVersion = 12.0.40629.0
MinimumVisualStudioVersion = 10.0.40219.1
Project("{FAE04EC0-301F-11D3-BF4B-00C04F79EFBC}") = "OSDevGrp.ReduceFoodWaste.WebApplication", "OSDevGrp.ReduceFoodWaste.WebApplication\OSDevGrp.ReduceFoodWaste.WebApplication.csproj", "{46072931-5314-472F-835E-D16B184BD996}"
EndProject
Project("{FAE04EC0-301F-11D3-BF4B-00C04F79EFBC}") = "OSDevGrp.ReduceFoodWaste.WebApplication.Tests", "OSDevGrp.ReduceFoodWaste.WebApplication.Tests\OSDevGrp.ReduceFoodWaste.WebApplication.Tests.csproj", "{8183DA25-E0C1-469A-A267-4F3720A62618}"
EndProject
Global
	GlobalSection(SourceCodeControl) = preSolution
		SccNumberOfProjects = 3
		SccLocalPath0 = .
		SccProjectUniqueName1 = OSDevGrp.ReduceFoodWaste.WebApplication.Tests\\OSDevGrp.ReduceFoodWaste.WebApplication.Tests.csproj
		SccLocalPath1 = .
		SccProjectFilePathRelativizedFromConnection1 = OSDevGrp.ReduceFoodWaste.WebApplication.Tests\\
		SccProjectUniqueName2 = OSDevGrp.ReduceFoodWaste.WebApplication\\OSDevGrp.ReduceFoodWaste.WebApplication.csproj
		SccLocalPath2 = .
		SccProjectFilePathRelativizedFromConnection2 = OSDevGrp.ReduceFoodWaste.WebApplication\\
	EndGlobalSection
	GlobalSection(SolutionConfigurationPlatforms) = preSolution
		Debug|Any CPU = Debug|Any CPU
		Release|Any CPU = Release|Any CPU
	EndGlobalSection
	GlobalSection(ProjectConfigurationPlatforms) = postSolution
		{46072931-5314-472F-835E-D16B184BD996}.Debug|Any CPU.ActiveCfg = Debug|Any CPU
		{46072931-5314-472F-835E-D16B184BD996}.Debug|Any CPU.Build.0 = Debug|Any CPU
		{46072931-5314-472F-835E-D16B184BD996}.Release|Any CPU.ActiveCfg = Release|Any CPU
		{46072931-5314-472F-835E-D16B184BD996}.Release|Any CPU.Build.0 = Release|Any CPU
		{8183DA25-E0C1-469A-A267-4F3720A62618}.Debug|Any CPU.ActiveCfg = Debug|Any CPU
		{8183DA25-E0C1-469A-A267-4F3720A62618}.Debug|Any CPU.Build.0 = Debug|Any CPU
		{8183DA25-E0C1-469A-A267-4F3720A62618}.Release|Any CPU.ActiveCfg = Release|Any CPU
		{8183DA25-E0C1-469A-A267-4F3720A62618}.Release|Any CPU.Build.0 = Release|Any CPU
	EndGlobalSection
	GlobalSection(SolutionProperties) = preSolution
		HideSolutionNode = FALSE
	EndGlobalSection
EndGlobal
